
Microsoft Visual Studio Solution File, Format Version 12.00
# Visual Studio Version 17
VisualStudioVersion = 17.3.32929.385
MinimumVisualStudioVersion = 10.0.40219.1
Project("{FAE04EC0-301F-11D3-BF4B-00C04F79EFBC}") = "temp_read@2", "temp_read@2\temp_read@2.csproj", "{338F0C0F-85CC-4A43-82FA-398F2CF1B021}"
EndProject
Project("{54435603-DBB4-11D2-8724-00A0C9A8B90C}") = "CPU and GPU temp", "CPU and GPU temp\CPU and GPU temp.vdproj", "{77E3454D-289C-4C41-B5A6-62CD4F79D131}"
EndProject
Global
	GlobalSection(SolutionConfigurationPlatforms) = preSolution
		Debug|Any CPU = Debug|Any CPU
		Release|Any CPU = Release|Any CPU
	EndGlobalSection
	GlobalSection(ProjectConfigurationPlatforms) = postSolution
		{338F0C0F-85CC-4A43-82FA-398F2CF1B021}.Debug|Any CPU.ActiveCfg = Debug|Any CPU
		{338F0C0F-85CC-4A43-82FA-398F2CF1B021}.Debug|Any CPU.Build.0 = Debug|Any CPU
		{338F0C0F-85CC-4A43-82FA-398F2CF1B021}.Release|Any CPU.ActiveCfg = Release|Any CPU
		{338F0C0F-85CC-4A43-82FA-398F2CF1B021}.Release|Any CPU.Build.0 = Release|Any CPU
		{77E3454D-289C-4C41-B5A6-62CD4F79D131}.Debug|Any CPU.ActiveCfg = Debug
		{77E3454D-289C-4C41-B5A6-62CD4F79D131}.Release|Any CPU.ActiveCfg = Release
	EndGlobalSection
	GlobalSection(SolutionProperties) = preSolution
		HideSolutionNode = FALSE
	EndGlobalSection
	GlobalSection(ExtensibilityGlobals) = postSolution
		SolutionGuid = {D8CDE5FB-98E0-4E84-B72E-1F39ABDB15C9}
	EndGlobalSection
EndGlobal
